
Microsoft Visual Studio Solution File, Format Version 12.00
# Visual Studio Version 17
VisualStudioVersion = 17.0.31903.59
MinimumVisualStudioVersion = 10.0.40219.1
Project("{FAE04EC0-301F-11D3-BF4B-00C04F79EFBC}") = "ActTec", "ActTec\ActTec.csproj", "{29CE256F-0DDD-4350-A260-28E5AB88CFCF}"
EndProject
Global
	GlobalSection(SolutionConfigurationPlatforms) = preSolution
		Debug|Any CPU = Debug|Any CPU
		Release|Any CPU = Release|Any CPU
	EndGlobalSection
	GlobalSection(ProjectConfigurationPlatforms) = postSolution
		{29CE256F-0DDD-4350-A260-28E5AB88CFCF}.Debug|Any CPU.ActiveCfg = Debug|Any CPU
		{29CE256F-0DDD-4350-A260-28E5AB88CFCF}.Debug|Any CPU.Build.0 = Debug|Any CPU
		{29CE256F-0DDD-4350-A260-28E5AB88CFCF}.Release|Any CPU.ActiveCfg = Release|Any CPU
		{29CE256F-0DDD-4350-A260-28E5AB88CFCF}.Release|Any CPU.Build.0 = Release|Any CPU
	EndGlobalSection
	GlobalSection(SolutionProperties) = preSolution
		HideSolutionNode = FALSE
	EndGlobalSection
	GlobalSection(ExtensibilityGlobals) = postSolution
		SolutionGuid = {84BD121A-BA2B-4EA0-BFEC-2CF18024B3AD}
	EndGlobalSection
EndGlobal
